schema: '2.0'
stages:
  cnn:
    cmd: uv run cnn.py
    deps:
    - path: cnn.py
      hash: md5
      md5: b7d11b1cf3d60cc8b6cb06fca147c5bb
      size: 1503
    - path: ignored/data
      hash: md5
      md5: 840fdb9a23c98313dde45246036c291f.dir
      size: 452697142
      nfiles: 5000
    params:
      params.yaml:
        cnn.epochs: 1
        cnn.seed: 123
    outs:
    - path: cnn.json
      hash: md5
      md5: 905ef9dbbdb92006fd5d87266a679099
      size: 60
    - path: ignored/models/cnn.h5
      hash: md5
      md5: 410e776d111e4bbf951866835ab75bdc
      size: 78243032
  mobilenet:
    cmd: uv run mobilenet.py
    deps:
    - path: ignored/data
      hash: md5
      md5: 840fdb9a23c98313dde45246036c291f.dir
      size: 452697142
      nfiles: 5000
    - path: mobilenet.py
      hash: md5
      md5: f5ff0568dc4a0aa91fd43cc45022d2ed
      size: 1433
    params:
      params.yaml:
        mobilenet.epochs: 1
        mobilenet.seed: 123
    outs:
    - path: ignored/models/mobilenet.h5
      hash: md5
      md5: 432e1176a5daaba8feef438968326c3b
      size: 10388768
    - path: mobilenet.json
      hash: md5
      md5: b2b12544c7a6c56070ce7adfc65e809a
      size: 62
  resnet:
    cmd: uv run resnet.py
    deps:
    - path: ignored/data
      hash: md5
      md5: 840fdb9a23c98313dde45246036c291f.dir
      size: 452697142
      nfiles: 5000
    - path: resnet.py
      hash: md5
      md5: 6f90a2d959913fcb3981c04a48f53547
      size: 1416
    params:
      params.yaml:
        resnet.epochs: 1
        resnet.seed: 123
    outs:
    - path: ignored/models/resnet.h5
      hash: md5
      md5: 965471a887478faf82f11b16fff8a2ed
      size: 96328808
    - path: resnet.json
      hash: md5
      md5: d82c5e49ed05b674ffcff9630039f459
      size: 61
